
Microsoft Visual Studio Solution File, Format Version 12.00
# Visual Studio Version 16
VisualStudioVersion = 16.0.29326.143
MinimumVisualStudioVersion = 10.0.40219.1
Project("{8BC9CEB8-8B4A-11D0-8D11-00A0C91BC942}") = "4.27", "4.27\4.27.vcxproj", "{94FE537F-6A47-4F44-8148-F9769B252EDF}"
EndProject
Global
	GlobalSection(SolutionConfigurationPlatforms) = preSolution
		Debug|x64 = Debug|x64
		Debug|x86 = Debug|x86
		Release|x64 = Release|x64
		Release|x86 = Release|x86
	EndGlobalSection
	GlobalSection(ProjectConfigurationPlatforms) = postSolution
		{94FE537F-6A47-4F44-8148-F9769B252EDF}.Debug|x64.ActiveCfg = Debug|x64
		{94FE537F-6A47-4F44-8148-F9769B252EDF}.Debug|x64.Build.0 = Debug|x64
		{94FE537F-6A47-4F44-8148-F9769B252EDF}.Debug|x86.ActiveCfg = Debug|Win32
		{94FE537F-6A47-4F44-8148-F9769B252EDF}.Debug|x86.Build.0 = Debug|Win32
		{94FE537F-6A47-4F44-8148-F9769B252EDF}.Release|x64.ActiveCfg = Release|x64
		{94FE537F-6A47-4F44-8148-F9769B252EDF}.Release|x64.Build.0 = Release|x64
		{94FE537F-6A47-4F44-8148-F9769B252EDF}.Release|x86.ActiveCfg = Release|Win32
		{94FE537F-6A47-4F44-8148-F9769B252EDF}.Release|x86.Build.0 = Release|Win32
	EndGlobalSection
	GlobalSection(SolutionProperties) = preSolution
		HideSolutionNode = FALSE
	EndGlobalSection
	GlobalSection(ExtensibilityGlobals) = postSolution
		SolutionGuid = {00B66734-63B1-489A-8EDA-49DEC39E526C}
	EndGlobalSection
EndGlobal
